// !$*UTF8*$!
{
	archiveVersion = 1;
	classes = {
	};
	objectVersion = 50;
	objects = {

/* Begin PBXBuildFile section */
		BB0FC93E2361E44D00B05AD0 /* AppDelegate.swift in Sources */ = {isa = PBXBuildFile; fileRef = BB0FC93D2361E44D00B05AD0 /* AppDelegate.swift */; };
		BB0FC9402361E44D00B05AD0 /* SceneDelegate.swift in Sources */ = {isa = PBXBuildFile; fileRef = BB0FC93F2361E44D00B05AD0 /* SceneDelegate.swift */; };
		BB0FC9422361E44D00B05AD0 /* ViewController.swift in Sources */ = {isa = PBXBuildFile; fileRef = BB0FC9412361E44D00B05AD0 /* ViewController.swift */; };
		BB0FC9452361E44D00B05AD0 /* Main.storyboard in Resources */ = {isa = PBXBuildFile; fileRef = BB0FC9432361E44D00B05AD0 /* Main.storyboard */; };
		BB0FC9472361E44E00B05AD0 /* Assets.xcassets in Resources */ = {isa = PBXBuildFile; fileRef = BB0FC9462361E44E00B05AD0 /* Assets.xcassets */; };
		BB0FC94A2361E44E00B05AD0 /* LaunchScreen.storyboard in Resources */ = {isa = PBXBuildFile; fileRef = BB0FC9482361E44E00B05AD0 /* LaunchScreen.storyboard */; };
		BB0FC9552361E44E00B05AD0 /* XcodeTutorialTests.swift in Sources */ = {isa = PBXBuildFile; fileRef = BB0FC9542361E44E00B05AD0 /* XcodeTutorialTests.swift */; };
		BB0FC9602361E44E00B05AD0 /* XcodeTutorialUITests.swift in Sources */ = {isa = PBXBuildFile; fileRef = BB0FC95F2361E44E00B05AD0 /* XcodeTutorialUITests.swift */; };
/* End PBXBuildFile section */

/* Begin PBXContainerItemProxy section */
		BB0FC9512361E44E00B05AD0 /* PBXContainerItemProxy */ = {
			isa = PBXContainerItemProxy;
			containerPortal = BB0FC9322361E44D00B05AD0 /* Project object */;
			proxyType = 1;
			remoteGlobalIDString = BB0FC9392361E44D00B05AD0;
			remoteInfo = XcodeTutorial;
		};
		BB0FC95C2361E44E00B05AD0 /* PBXContainerItemProxy */ = {
			isa = PBXContainerItemProxy;
			containerPortal = BB0FC9322361E44D00B05AD0 /* Project object */;
			proxyType = 1;
			remoteGlobalIDString = BB0FC9392361E44D00B05AD0;
			remoteInfo = XcodeTutorial;
		};
/* End PBXContainerItemProxy section */

/* Begin PBXFileReference section */
		BB0FC93A2361E44D00B05AD0 /* XcodeTutorial.app */ = {isa = PBXFileReference; explicitFileType = wrapper.application; includeInIndex = 0; path = XcodeTutorial.app; sourceTree = BUILT_PRODUCTS_DIR; };
		BB0FC93D2361E44D00B05AD0 /* AppDelegate.swift */ = {isa = PBXFileReference; lastKnownFileType = sourcecode.swift; path = AppDelegate.swift; sourceTree = "<group>"; };
		BB0FC93F2361E44D00B05AD0 /* SceneDelegate.swift */ = {isa = PBXFileReference; lastKnownFileType = sourcecode.swift; path = SceneDelegate.swift; sourceTree = "<group>"; };
		BB0FC9412361E44D00B05AD0 /* ViewController.swift */ = {isa = PBXFileReference; lastKnownFileType = sourcecode.swift; path = ViewController.swift; sourceTree = "<group>"; };
		BB0FC9442361E44D00B05AD0 /* Base */ = {isa = PBXFileReference; lastKnownFileType = file.storyboard; name = Base; path = Base.lproj/Main.storyboard; sourceTree = "<group>"; };
		BB0FC9462361E44E00B05AD0 /* Assets.xcassets */ = {isa = PBXFileReference; lastKnownFileType = folder.assetcatalog; path = Assets.xcassets; sourceTree = "<group>"; };
		BB0FC9492361E44E00B05AD0 /* Base */ = {isa = PBXFileReference; lastKnownFileType = file.storyboard; name = Base; path = Base.lproj/LaunchScreen.storyboard; sourceTree = "<group>"; };
		BB0FC94B2361E44E00B05AD0 /* Info.plist */ = {isa = PBXFileReference; lastKnownFileType = text.plist.xml; path = Info.plist; sourceTree = "<group>"; };
		BB0FC9502361E44E00B05AD0 /* XcodeTutorialTests.xctest */ = {isa = PBXFileReference; explicitFileType = wrapper.cfbundle; includeInIndex = 0; path = XcodeTutorialTests.xctest; sourceTree = BUILT_PRODUCTS_DIR; };
		BB0FC9542361E44E00B05AD0 /* XcodeTutorialTests.swift */ = {isa = PBXFileReference; lastKnownFileType = sourcecode.swift; path = XcodeTutorialTests.swift; sourceTree = "<group>"; };
		BB0FC9562361E44E00B05AD0 /* Info.plist */ = {isa = PBXFileReference; lastKnownFileType = text.plist.xml; path = Info.plist; sourceTree = "<group>"; };
		BB0FC95B2361E44E00B05AD0 /* XcodeTutorialUITests.xctest */ = {isa = PBXFileReference; explicitFileType = wrapper.cfbundle; includeInIndex = 0; path = XcodeTutorialUITests.xctest; sourceTree = BUILT_PRODUCTS_DIR; };
		BB0FC95F2361E44E00B05AD0 /* XcodeTutorialUITests.swift */ = {isa = PBXFileReference; lastKnownFileType = sourcecode.swift; path = XcodeTutorialUITests.swift; sourceTree = "<group>"; };
		BB0FC9612361E44E00B05AD0 /* Info.plist */ = {isa = PBXFileReference; lastKnownFileType = text.plist.xml; path = Info.plist; sourceTree = "<group>"; };
/* End PBXFileReference section */

/* Begin PBXFrameworksBuildPhase section */
		BB0FC9372361E44D00B05AD0 /* Frameworks */ = {
			isa = PBXFrameworksBuildPhase;
			buildActionMask = 2147483647;
			files = (
			);
			runOnlyForDeploymentPostprocessing = 0;
		};
		BB0FC94D2361E44E00B05AD0 /* Frameworks */ = {
			isa = PBXFrameworksBuildPhase;
			buildActionMask = 2147483647;
			files = (
			);
			runOnlyForDeploymentPostprocessing = 0;
		};
		BB0FC9582361E44E00B05AD0 /* Frameworks */ = {
			isa = PBXFrameworksBuildPhase;
			buildActionMask = 2147483647;
			files = (
			);
			runOnlyForDeploymentPostprocessing = 0;
		};
/* End PBXFrameworksBuildPhase section */

/* Begin PBXGroup section */
		BB0FC9312361E44D00B05AD0 = {
			isa = PBXGroup;
			children = (
				BB0FC93C2361E44D00B05AD0 /* XcodeTutorial */,
				BB0FC9532361E44E00B05AD0 /* XcodeTutorialTests */,
				BB0FC95E2361E44E00B05AD0 /* XcodeTutorialUITests */,
				BB0FC93B2361E44D00B05AD0 /* Products */,
			);
			sourceTree = "<group>";
		};
		BB0FC93B2361E44D00B05AD0 /* Products */ = {
			isa = PBXGroup;
			children = (
				BB0FC93A2361E44D00B05AD0 /* XcodeTutorial.app */,
				BB0FC9502361E44E00B05AD0 /* XcodeTutorialTests.xctest */,
				BB0FC95B2361E44E00B05AD0 /* XcodeTutorialUITests.xctest */,
			);
			name = Products;
			sourceTree = "<group>";
		};
		BB0FC93C2361E44D00B05AD0 /* XcodeTutorial */ = {
			isa = PBXGroup;
			children = (
				BB0FC93D2361E44D00B05AD0 /* AppDelegate.swift */,
				BB0FC93F2361E44D00B05AD0 /* SceneDelegate.swift */,
				BB0FC9412361E44D00B05AD0 /* ViewController.swift */,
				BB0FC9432361E44D00B05AD0 /* Main.storyboard */,
				BB0FC9462361E44E00B05AD0 /* Assets.xcassets */,
				BB0FC9482361E44E00B05AD0 /* LaunchScreen.storyboard */,
				BB0FC94B2361E44E00B05AD0 /* Info.plist */,
			);
			path = XcodeTutorial;
			sourceTree = "<group>";
		};
		BB0FC9532361E44E00B05AD0 /* XcodeTutorialTests */ = {
			isa = PBXGroup;
			children = (
				BB0FC9542361E44E00B05AD0 /* XcodeTutorialTests.swift */,
				BB0FC9562361E44E00B05AD0 /* Info.plist */,
			);
			path = XcodeTutorialTests;
			sourceTree = "<group>";
		};
		BB0FC95E2361E44E00B05AD0 /* XcodeTutorialUITests */ = {
			isa = PBXGroup;
			children = (
				BB0FC95F2361E44E00B05AD0 /* XcodeTutorialUITests.swift */,
				BB0FC9612361E44E00B05AD0 /* Info.plist */,
			);
			path = XcodeTutorialUITests;
			sourceTree = "<group>";
		};
/* End PBXGroup section */

/* Begin PBXNativeTarget section */
		BB0FC9392361E44D00B05AD0 /* XcodeTutorial */ = {
			isa = PBXNativeTarget;
			buildConfigurationList = BB0FC9642361E44E00B05AD0 /* Build configuration list for PBXNativeTarget "XcodeTutorial" */;
			buildPhases = (
				BB0FC9362361E44D00B05AD0 /* Sources */,
				BB0FC9372361E44D00B05AD0 /* Frameworks */,
				BB0FC9382361E44D00B05AD0 /* Resources */,
			);
			buildRules = (
			);
			dependencies = (
			);
			name = XcodeTutorial;
			productName = XcodeTutorial;
			productReference = BB0FC93A2361E44D00B05AD0 /* XcodeTutorial.app */;
			productType = "com.apple.product-type.application";
		};
		BB0FC94F2361E44E00B05AD0 /* XcodeTutorialTests */ = {
			isa = PBXNativeTarget;
			buildConfigurationList = BB0FC9672361E44E00B05AD0 /* Build configuration list for PBXNativeTarget "XcodeTutorialTests" */;
			buildPhases = (
				BB0FC94C2361E44E00B05AD0 /* Sources */,
				BB0FC94D2361E44E00B05AD0 /* Frameworks */,
				BB0FC94E2361E44E00B05AD0 /* Resources */,
			);
			buildRules = (
			);
			dependencies = (
				BB0FC9522361E44E00B05AD0 /* PBXTargetDependency */,
			);
			name = XcodeTutorialTests;
			productName = XcodeTutorialTests;
			productReference = BB0FC9502361E44E00B05AD0 /* XcodeTutorialTests.xctest */;
			productType = "com.apple.product-type.bundle.unit-test";
		};
		BB0FC95A2361E44E00B05AD0 /* XcodeTutorialUITests */ = {
			isa = PBXNativeTarget;
			buildConfigurationList = BB0FC96A2361E44E00B05AD0 /* Build configuration list for PBXNativeTarget "XcodeTutorialUITests" */;
			buildPhases = (
				BB0FC9572361E44E00B05AD0 /* Sources */,
				BB0FC9582361E44E00B05AD0 /* Frameworks */,
				BB0FC9592361E44E00B05AD0 /* Resources */,
			);
			buildRules = (
			);
			dependencies = (
				BB0FC95D2361E44E00B05AD0 /* PBXTargetDependency */,
			);
			name = XcodeTutorialUITests;
			productName = XcodeTutorialUITests;
			productReference = BB0FC95B2361E44E00B05AD0 /* XcodeTutorialUITests.xctest */;
			productType = "com.apple.product-type.bundle.ui-testing";
		};
/* End PBXNativeTarget section */

/* Begin PBXProject section */
		BB0FC9322361E44D00B05AD0 /* Project object */ = {
			isa = PBXProject;
			attributes = {
				LastSwiftUpdateCheck = 1110;
				LastUpgradeCheck = 1110;
				ORGANIZATIONNAME = panupongv;
				TargetAttributes = {
					BB0FC9392361E44D00B05AD0 = {
						CreatedOnToolsVersion = 11.1;
					};
					BB0FC94F2361E44E00B05AD0 = {
						CreatedOnToolsVersion = 11.1;
						TestTargetID = BB0FC9392361E44D00B05AD0;
					};
					BB0FC95A2361E44E00B05AD0 = {
						CreatedOnToolsVersion = 11.1;
						TestTargetID = BB0FC9392361E44D00B05AD0;
					};
				};
			};
			buildConfigurationList = BB0FC9352361E44D00B05AD0 /* Build configuration list for PBXProject "XcodeTutorial" */;
			compatibilityVersion = "Xcode 9.3";
			developmentRegion = en;
			hasScannedForEncodings = 0;
			knownRegions = (
				en,
				Base,
			);
			mainGroup = BB0FC9312361E44D00B05AD0;
			productRefGroup = BB0FC93B2361E44D00B05AD0 /* Products */;
			projectDirPath = "";
			projectRoot = "";
			targets = (
				BB0FC9392361E44D00B05AD0 /* XcodeTutorial */,
				BB0FC94F2361E44E00B05AD0 /* XcodeTutorialTests */,
				BB0FC95A2361E44E00B05AD0 /* XcodeTutorialUITests */,
			);
		};
/* End PBXProject section */

/* Begin PBXResourcesBuildPhase section */
		BB0FC9382361E44D00B05AD0 /* Resources */ = {
			isa = PBXResourcesBuildPhase;
			buildActionMask = 2147483647;
			files = (
				BB0FC94A2361E44E00B05AD0 /* LaunchScreen.storyboard in Resources */,
				BB0FC9472361E44E00B05AD0 /* Assets.xcassets in Resources */,
				BB0FC9452361E44D00B05AD0 /* Main.storyboard in Resources */,
			);
			runOnlyForDeploymentPostprocessing = 0;
		};
		BB0FC94E2361E44E00B05AD0 /* Resources */ = {
			isa = PBXResourcesBuildPhase;
			buildActionMask = 2147483647;
			files = (
			);
			runOnlyForDeploymentPostprocessing = 0;
		};
		BB0FC9592361E44E00B05AD0 /* Resources */ = {
			isa = PBXResourcesBuildPhase;
			buildActionMask = 2147483647;
			files = (
			);
			runOnlyForDeploymentPostprocessing = 0;
		};
/* End PBXResourcesBuildPhase section */

/* Begin PBXSourcesBuildPhase section */
		BB0FC9362361E44D00B05AD0 /* Sources */ = {
			isa = PBXSourcesBuildPhase;
			buildActionMask = 2147483647;
			files = (
				BB0FC9422361E44D00B05AD0 /* ViewController.swift in Sources */,
				BB0FC93E2361E44D00B05AD0 /* AppDelegate.swift in Sources */,
				BB0FC9402361E44D00B05AD0 /* SceneDelegate.swift in Sources */,
			);
			runOnlyForDeploymentPostprocessing = 0;
		};
		BB0FC94C2361E44E00B05AD0 /* Sources */ = {
			isa = PBXSourcesBuildPhase;
			buildActionMask = 2147483647;
			files = (
				BB0FC9552361E44E00B05AD0 /* XcodeTutorialTests.swift in Sources */,
			);
			runOnlyForDeploymentPostprocessing = 0;
		};
		BB0FC9572361E44E00B05AD0 /* Sources */ = {
			isa = PBXSourcesBuildPhase;
			buildActionMask = 2147483647;
			files = (
				BB0FC9602361E44E00B05AD0 /* XcodeTutorialUITests.swift in Sources */,
			);
			runOnlyForDeploymentPostprocessing = 0;
		};
/* End PBXSourcesBuildPhase section */

/* Begin PBXTargetDependency section */
		BB0FC9522361E44E00B05AD0 /* PBXTargetDependency */ = {
			isa = PBXTargetDependency;
			target = BB0FC9392361E44D00B05AD0 /* XcodeTutorial */;
			targetProxy = BB0FC9512361E44E00B05AD0 /* PBXContainerItemProxy */;
		};
		BB0FC95D2361E44E00B05AD0 /* PBXTargetDependency */ = {
			isa = PBXTargetDependency;
			target = BB0FC9392361E44D00B05AD0 /* XcodeTutorial */;
			targetProxy = BB0FC95C2361E44E00B05AD0 /* PBXContainerItemProxy */;
		};
/* End PBXTargetDependency section */

/* Begin PBXVariantGroup section */
		BB0FC9432361E44D00B05AD0 /* Main.storyboard */ = {
			isa = PBXVariantGroup;
			children = (
				BB0FC9442361E44D00B05AD0 /* Base */,
			);
			name = Main.storyboard;
			sourceTree = "<group>";
		};
		BB0FC9482361E44E00B05AD0 /* LaunchScreen.storyboard */ = {
			isa = PBXVariantGroup;
			children = (
				BB0FC9492361E44E00B05AD0 /* Base */,
			);
			name = LaunchScreen.storyboard;
			sourceTree = "<group>";
		};
/* End PBXVariantGroup section */

/* Begin XCBuildConfiguration section */
		BB0FC9622361E44E00B05AD0 /* Debug */ = {
			isa = XCBuildConfiguration;
			buildSettings = {
				ALWAYS_SEARCH_USER_PATHS = NO;
				CLANG_ANALYZER_NONNULL = YES;
				CLANG_ANALYZER_NUMBER_OBJECT_CONVERSION = YES_AGGRESSIVE;
				CLANG_CXX_LANGUAGE_STANDARD = "gnu++14";
				CLANG_CXX_LIBRARY = "libc++";
				CLANG_ENABLE_MODULES = YES;
				CLANG_ENABLE_OBJC_ARC = YES;
				CLANG_ENABLE_OBJC_WEAK = YES;
				CLANG_WARN_BLOCK_CAPTURE_AUTORELEASING = YES;
				CLANG_WARN_BOOL_CONVERSION = YES;
				CLANG_WARN_COMMA = YES;
				CLANG_WARN_CONSTANT_CONVERSION = YES;
				CLANG_WARN_DEPRECATED_OBJC_IMPLEMENTATIONS = YES;
				CLANG_WARN_DIRECT_OBJC_ISA_USAGE = YES_ERROR;
				CLANG_WARN_DOCUMENTATION_COMMENTS = YES;
				CLANG_WARN_EMPTY_BODY = YES;
				CLANG_WARN_ENUM_CONVERSION = YES;
				CLANG_WARN_INFINITE_RECURSION = YES;
				CLANG_WARN_INT_CONVERSION = YES;
				CLANG_WARN_NON_LITERAL_NULL_CONVERSION = YES;
				CLANG_WARN_OBJC_IMPLICIT_RETAIN_SELF = YES;
				CLANG_WARN_OBJC_LITERAL_CONVERSION = YES;
				CLANG_WARN_OBJC_ROOT_CLASS = YES_ERROR;
				CLANG_WARN_RANGE_LOOP_ANALYSIS = YES;
				CLANG_WARN_STRICT_PROTOTYPES = YES;
				CLANG_WARN_SUSPICIOUS_MOVE = YES;
				CLANG_WARN_UNGUARDED_AVAILABILITY = YES_AGGRESSIVE;
				CLANG_WARN_UNREACHABLE_CODE = YES;
				CLANG_WARN__DUPLICATE_METHOD_MATCH = YES;
				COPY_PHASE_STRIP = NO;
				DEBUG_INFORMATION_FORMAT = dwarf;
				ENABLE_STRICT_OBJC_MSGSEND = YES;
				ENABLE_TESTABILITY = YES;
				GCC_C_LANGUAGE_STANDARD = gnu11;
				GCC_DYNAMIC_NO_PIC = NO;
				GCC_NO_COMMON_BLOCKS = YES;
				GCC_OPTIMIZATION_LEVEL = 0;
				GCC_PREPROCESSOR_DEFINITIONS = (
					"DEBUG=1",
					"$(inherited)",
				);
				GCC_WARN_64_TO_32_BIT_CONVERSION = YES;
				GCC_WARN_ABOUT_RETURN_TYPE = YES_ERROR;
				GCC_WARN_UNDECLARED_SELECTOR = YES;
				GCC_WARN_UNINITIALIZED_AUTOS = YES_AGGRESSIVE;
				GCC_WARN_UNUSED_FUNCTION = YES;
				GCC_WARN_UNUSED_VARIABLE = YES;
				IPHONEOS_DEPLOYMENT_TARGET = 13.1;
				MTL_ENABLE_DEBUG_INFO = INCLUDE_SOURCE;
				MTL_FAST_MATH = YES;
				ONLY_ACTIVE_ARCH = YES;
				SDKROOT = iphoneos;
				SWIFT_ACTIVE_COMPILATION_CONDITIONS = DEBUG;
				SWIFT_OPTIMIZATION_LEVEL = "-Onone";
			};
			name = Debug;
		};
		BB0FC9632361E44E00B05AD0 /* Release */ = {
			isa = XCBuildConfiguration;
			buildSettings = {
				ALWAYS_SEARCH_USER_PATHS = NO;
				CLANG_ANALYZER_NONNULL = YES;
				CLANG_ANALYZER_NUMBER_OBJECT_CONVERSION = YES_AGGRESSIVE;
				CLANG_CXX_LANGUAGE_STANDARD = "gnu++14";
				CLANG_CXX_LIBRARY = "libc++";
				CLANG_ENABLE_MODULES = YES;
				CLANG_ENABLE_OBJC_ARC = YES;
				CLANG_ENABLE_OBJC_WEAK = YES;
				CLANG_WARN_BLOCK_CAPTURE_AUTORELEASING = YES;
				CLANG_WARN_BOOL_CONVERSION = YES;
				CLANG_WARN_COMMA = YES;
				CLANG_WARN_CONSTANT_CONVERSION = YES;
				CLANG_WARN_DEPRECATED_OBJC_IMPLEMENTATIONS = YES;
				CLANG_WARN_DIRECT_OBJC_ISA_USAGE = YES_ERROR;
				CLANG_WARN_DOCUMENTATION_COMMENTS = YES;
				CLANG_WARN_EMPTY_BODY = YES;
				CLANG_WARN_ENUM_CONVERSION = YES;
				CLANG_WARN_INFINITE_RECURSION = YES;
				CLANG_WARN_INT_CONVERSION = YES;
				CLANG_WARN_NON_LITERAL_NULL_CONVERSION = YES;
				CLANG_WARN_OBJC_IMPLICIT_RETAIN_SELF = YES;
				CLANG_WARN_OBJC_LITERAL_CONVERSION = YES;
				CLANG_WARN_OBJC_ROOT_CLASS = YES_ERROR;
				CLANG_WARN_RANGE_LOOP_ANALYSIS = YES;
				CLANG_WARN_STRICT_PROTOTYPES = YES;
				CLANG_WARN_SUSPICIOUS_MOVE = YES;
				CLANG_WARN_UNGUARDED_AVAILABILITY = YES_AGGRESSIVE;
				CLANG_WARN_UNREACHABLE_CODE = YES;
				CLANG_WARN__DUPLICATE_METHOD_MATCH = YES;
				COPY_PHASE_STRIP = NO;
				DEBUG_INFORMATION_FORMAT = "dwarf-with-dsym";
				ENABLE_NS_ASSERTIONS = NO;
				ENABLE_STRICT_OBJC_MSGSEND = YES;
				GCC_C_LANGUAGE_STANDARD = gnu11;
				GCC_NO_COMMON_BLOCKS = YES;
				GCC_WARN_64_TO_32_BIT_CONVERSION = YES;
				GCC_WARN_ABOUT_RETURN_TYPE = YES_ERROR;
				GCC_WARN_UNDECLARED_SELECTOR = YES;
				GCC_WARN_UNINITIALIZED_AUTOS = YES_AGGRESSIVE;
				GCC_WARN_UNUSED_FUNCTION = YES;
				GCC_WARN_UNUSED_VARIABLE = YES;
				IPHONEOS_DEPLOYMENT_TARGET = 13.1;
				MTL_ENABLE_DEBUG_INFO = NO;
				MTL_FAST_MATH = YES;
				SDKROOT = iphoneos;
				SWIFT_COMPILATION_MODE = wholemodule;
				SWIFT_OPTIMIZATION_LEVEL = "-O";
				VALIDATE_PRODUCT = YES;
			};
			name = Release;
		};
		BB0FC9652361E44E00B05AD0 /* Debug */ = {
			isa = XCBuildConfiguration;
			buildSettings = {
				ASSETCATALOG_COMPILER_APPICON_NAME = AppIcon;
				CODE_SIGN_STYLE = Automatic;
				DEVELOPMENT_TEAM = 3UXVNRGYHR;
				INFOPLIST_FILE = XcodeTutorial/Info.plist;
				LD_RUNPATH_SEARCH_PATHS = (
					"$(inherited)",
					"@executable_path/Frameworks",
				);
				PRODUCT_BUNDLE_IDENTIFIER = com.panupongv.XcodeTutorial;
				PRODUCT_NAME = "$(TARGET_NAME)";
				SWIFT_VERSION = 5.0;
				TARGETED_DEVICE_FAMILY = "1,2";
			};
			name = Debug;
		};
		BB0FC9662361E44E00B05AD0 /* Release */ = {
			isa = XCBuildConfiguration;
			buildSettings = {
				ASSETCATALOG_COMPILER_APPICON_NAME = AppIcon;
				CODE_SIGN_STYLE = Automatic;
				DEVELOPMENT_TEAM = 3UXVNRGYHR;
				INFOPLIST_FILE = XcodeTutorial/Info.plist;
				LD_RUNPATH_SEARCH_PATHS = (
					"$(inherited)",
					"@executable_path/Frameworks",
				);
				PRODUCT_BUNDLE_IDENTIFIER = com.panupongv.XcodeTutorial;
				PRODUCT_NAME = "$(TARGET_NAME)";
				SWIFT_VERSION = 5.0;
				TARGETED_DEVICE_FAMILY = "1,2";
			};
			name = Release;
		};
		BB0FC9682361E44E00B05AD0 /* Debug */ = {
			isa = XCBuildConfiguration;
			buildSettings = {
				ALWAYS_EMBED_SWIFT_STANDARD_LIBRARIES = YES;
				BUNDLE_LOADER = "$(TEST_HOST)";
				CODE_SIGN_STYLE = Automatic;
				DEVELOPMENT_TEAM = 3UXVNRGYHR;
				INFOPLIST_FILE = XcodeTutorialTests/Info.plist;
				IPHONEOS_DEPLOYMENT_TARGET = 13.1;
				LD_RUNPATH_SEARCH_PATHS = (
					"$(inherited)",
					"@executable_path/Frameworks",
					"@loader_path/Frameworks",
				);
				PRODUCT_BUNDLE_IDENTIFIER = com.panupongv.XcodeTutorialTests;
				PRODUCT_NAME = "$(TARGET_NAME)";
				SWIFT_VERSION = 5.0;
				TARGETED_DEVICE_FAMILY = "1,2";
				TEST_HOST = "$(BUILT_PRODUCTS_DIR)/XcodeTutorial.app/XcodeTutorial";
			};
			name = Debug;
		};
		BB0FC9692361E44E00B05AD0 /* Release */ = {
			isa = XCBuildConfiguration;
			buildSettings = {
				ALWAYS_EMBED_SWIFT_STANDARD_LIBRARIES = YES;
				BUNDLE_LOADER = "$(TEST_HOST)";
				CODE_SIGN_STYLE = Automatic;
				DEVELOPMENT_TEAM = 3UXVNRGYHR;
				INFOPLIST_FILE = XcodeTutorialTests/Info.plist;
				IPHONEOS_DEPLOYMENT_TARGET = 13.1;
				LD_RUNPATH_SEARCH_PATHS = (
					"$(inherited)",
					"@executable_path/Frameworks",
					"@loader_path/Frameworks",
				);
				PRODUCT_BUNDLE_IDENTIFIER = com.panupongv.XcodeTutorialTests;
				PRODUCT_NAME = "$(TARGET_NAME)";
				SWIFT_VERSION = 5.0;
				TARGETED_DEVICE_FAMILY = "1,2";
				TEST_HOST = "$(BUILT_PRODUCTS_DIR)/XcodeTutorial.app/XcodeTutorial";
			};
			name = Release;
		};
		BB0FC96B2361E44E00B05AD0 /* Debug */ = {
			isa = XCBuildConfiguration;
			buildSettings = {
				ALWAYS_EMBED_SWIFT_STANDARD_LIBRARIES = YES;
				CODE_SIGN_STYLE = Automatic;
				DEVELOPMENT_TEAM = 3UXVNRGYHR;
				INFOPLIST_FILE = XcodeTutorialUITests/Info.plist;
				LD_RUNPATH_SEARCH_PATHS = (
					"$(inherited)",
					"@executable_path/Frameworks",
					"@loader_path/Frameworks",
				);
				PRODUCT_BUNDLE_IDENTIFIER = com.panupongv.XcodeTutorialUITests;
				PRODUCT_NAME = "$(TARGET_NAME)";
				SWIFT_VERSION = 5.0;
				TARGETED_DEVICE_FAMILY = "1,2";
				TEST_TARGET_NAME = XcodeTutorial;
			};
			name = Debug;
		};
		BB0FC96C2361E44E00B05AD0 /* Release */ = {
			isa = XCBuildConfiguration;
			buildSettings = {
				ALWAYS_EMBED_SWIFT_STANDARD_LIBRARIES = YES;
				CODE_SIGN_STYLE = Automatic;
				DEVELOPMENT_TEAM = 3UXVNRGYHR;
				INFOPLIST_FILE = XcodeTutorialUITests/Info.plist;
				LD_RUNPATH_SEARCH_PATHS = (
					"$(inherited)",
					"@executable_path/Frameworks",
					"@loader_path/Frameworks",
				);
				PRODUCT_BUNDLE_IDENTIFIER = com.panupongv.XcodeTutorialUITests;
				PRODUCT_NAME = "$(TARGET_NAME)";
				SWIFT_VERSION = 5.0;
				TARGETED_DEVICE_FAMILY = "1,2";
				TEST_TARGET_NAME = XcodeTutorial;
			};
			name = Release;
		};
/* End XCBuildConfiguration section */

/* Begin XCConfigurationList section */
		BB0FC9352361E44D00B05AD0 /* Build configuration list for PBXProject "XcodeTutorial" */ = {
			isa = XCConfigurationList;
			buildConfigurations = (
				BB0FC9622361E44E00B05AD0 /* Debug */,
				BB0FC9632361E44E00B05AD0 /* Release */,
			);
			defaultConfigurationIsVisible = 0;
			defaultConfigurationName = Release;
		};
		BB0FC9642361E44E00B05AD0 /* Build configuration list for PBXNativeTarget "XcodeTutorial" */ = {
			isa = XCConfigurationList;
			buildConfigurations = (
				BB0FC9652361E44E00B05AD0 /* Debug */,
				BB0FC9662361E44E00B05AD0 /* Release */,
			);
			defaultConfigurationIsVisible = 0;
			defaultConfigurationName = Release;
		};
		BB0FC9672361E44E00B05AD0 /* Build configuration list for PBXNativeTarget "XcodeTutorialTests" */ = {
			isa = XCConfigurationList;
			buildConfigurations = (
				BB0FC9682361E44E00B05AD0 /* Debug */,
				BB0FC9692361E44E00B05AD0 /* Release */,
			);
			defaultConfigurationIsVisible = 0;
			defaultConfigurationName = Release;
		};
		BB0FC96A2361E44E00B05AD0 /* Build configuration list for PBXNativeTarget "XcodeTutorialUITests" */ = {
			isa = XCConfigurationList;
			buildConfigurations = (
				BB0FC96B2361E44E00B05AD0 /* Debug */,
				BB0FC96C2361E44E00B05AD0 /* Release */,
			);
			defaultConfigurationIsVisible = 0;
			defaultConfigurationName = Release;
		};
/* End XCConfigurationList section */
	};
	rootObject = BB0FC9322361E44D00B05AD0 /* Project object */;
}
